
Microsoft Visual Studio Solution File, Format Version 12.00
# Visual Studio Version 16
VisualStudioVersion = 16.0.30320.27
MinimumVisualStudioVersion = 10.0.40219.1
Project("{FAE04EC0-301F-11D3-BF4B-00C04F79EFBC}") = "ExpressSecurity", "ExpressSecurity\ExpressSecurity.csproj", "{DF396ACE-B195-49EB-90BC-572CE8C86B3A}"
EndProject
Project("{FAE04EC0-301F-11D3-BF4B-00C04F79EFBC}") = "Demo", "Demo\Demo.csproj", "{2A0E62E9-4ECC-4C42-9C63-FE1FE99FDE4C}"
EndProject
Global
	GlobalSection(SolutionConfigurationPlatforms) = preSolution
		Debug|Any CPU = Debug|Any CPU
		Release|Any CPU = Release|Any CPU
	EndGlobalSection
	GlobalSection(ProjectConfigurationPlatforms) = postSolution
		{DF396ACE-B195-49EB-90BC-572CE8C86B3A}.Debug|Any CPU.ActiveCfg = Debug|Any CPU
		{DF396ACE-B195-49EB-90BC-572CE8C86B3A}.Debug|Any CPU.Build.0 = Debug|Any CPU
		{DF396ACE-B195-49EB-90BC-572CE8C86B3A}.Release|Any CPU.ActiveCfg = Release|Any CPU
		{DF396ACE-B195-49EB-90BC-572CE8C86B3A}.Release|Any CPU.Build.0 = Release|Any CPU
		{2A0E62E9-4ECC-4C42-9C63-FE1FE99FDE4C}.Debug|Any CPU.ActiveCfg = Debug|Any CPU
		{2A0E62E9-4ECC-4C42-9C63-FE1FE99FDE4C}.Debug|Any CPU.Build.0 = Debug|Any CPU
		{2A0E62E9-4ECC-4C42-9C63-FE1FE99FDE4C}.Release|Any CPU.ActiveCfg = Release|Any CPU
		{2A0E62E9-4ECC-4C42-9C63-FE1FE99FDE4C}.Release|Any CPU.Build.0 = Release|Any CPU
	EndGlobalSection
	GlobalSection(SolutionProperties) = preSolution
		HideSolutionNode = FALSE
	EndGlobalSection
	GlobalSection(ExtensibilityGlobals) = postSolution
		SolutionGuid = {693BDB97-29CA-4706-9CDB-318C8052A461}
	EndGlobalSection
EndGlobal
